
Microsoft Visual Studio Solution File, Format Version 12.00
# Visual Studio Version 17
VisualStudioVersion = 17.4.33205.214
MinimumVisualStudioVersion = 10.0.40219.1
Project("{FAE04EC0-301F-11D3-BF4B-00C04F79EFBC}") = "SingletonPattern", "SingletonPattern\SingletonPattern.csproj", "{09FDF832-9143-4C24-9250-54A373E7C48B}"
EndProject
Global
	GlobalSection(SolutionConfigurationPlatforms) = preSolution
		Debug|Any CPU = Debug|Any CPU
		Release|Any CPU = Release|Any CPU
	EndGlobalSection
	GlobalSection(ProjectConfigurationPlatforms) = postSolution
		{09FDF832-9143-4C24-9250-54A373E7C48B}.Debug|Any CPU.ActiveCfg = Debug|Any CPU
		{09FDF832-9143-4C24-9250-54A373E7C48B}.Debug|Any CPU.Build.0 = Debug|Any CPU
		{09FDF832-9143-4C24-9250-54A373E7C48B}.Release|Any CPU.ActiveCfg = Release|Any CPU
		{09FDF832-9143-4C24-9250-54A373E7C48B}.Release|Any CPU.Build.0 = Release|Any CPU
	EndGlobalSection
	GlobalSection(SolutionProperties) = preSolution
		HideSolutionNode = FALSE
	EndGlobalSection
	GlobalSection(ExtensibilityGlobals) = postSolution
		SolutionGuid = {D5748F8D-F16D-45EE-81E1-7E83F40AFF6A}
	EndGlobalSection
EndGlobal
