
Microsoft Visual Studio Solution File, Format Version 12.00
# Visual Studio Version 17
VisualStudioVersion = 17.5.33530.505
MinimumVisualStudioVersion = 10.0.40219.1
Project("{FAE04EC0-301F-11D3-BF4B-00C04F79EFBC}") = "CompositePattern", "CompositePattern\CompositePattern.csproj", "{BFC8C3CD-8869-4D18-9F26-019749B71942}"
EndProject
Global
	GlobalSection(SolutionConfigurationPlatforms) = preSolution
		Debug|Any CPU = Debug|Any CPU
		Release|Any CPU = Release|Any CPU
	EndGlobalSection
	GlobalSection(ProjectConfigurationPlatforms) = postSolution
		{BFC8C3CD-8869-4D18-9F26-019749B71942}.Debug|Any CPU.ActiveCfg = Debug|Any CPU
		{BFC8C3CD-8869-4D18-9F26-019749B71942}.Debug|Any CPU.Build.0 = Debug|Any CPU
		{BFC8C3CD-8869-4D18-9F26-019749B71942}.Release|Any CPU.ActiveCfg = Release|Any CPU
		{BFC8C3CD-8869-4D18-9F26-019749B71942}.Release|Any CPU.Build.0 = Release|Any CPU
	EndGlobalSection
	GlobalSection(SolutionProperties) = preSolution
		HideSolutionNode = FALSE
	EndGlobalSection
	GlobalSection(ExtensibilityGlobals) = postSolution
		SolutionGuid = {63E00CC0-228A-4F7F-9A99-30B75FDA6764}
	EndGlobalSection
EndGlobal
